<?xml version="1.0" encoding="utf-8"?>
<Project ToolsVersion="17.0" xmlns="http://schemas.microsoft.com/developer/msbuild/2003">
  <ItemGroup>
    <ClCompile Include="D:\codeWorks\cpp_work\userDefinedOperators_cpp\simple_library_pybind11_cmakeCompile\simple_pybind_wrapper.cpp">
      <Filter>Source Files</Filter>
    </ClCompile>
  </ItemGroup>
  <ItemGroup>
    <CustomBuild Include="D:\codeWorks\cpp_work\userDefinedOperators_cpp\simple_library_pybind11_cmakeCompile\CMakeLists.txt" />
  </ItemGroup>
  <ItemGroup>
    <Filter Include="Source Files">
      <UniqueIdentifier>{852EE553-01ED-3150-BDC9-477030DA71FF}</UniqueIdentifier>
    </Filter>
  </ItemGroup>
</Project>
